
Microsoft Visual Studio Solution File, Format Version 12.00
# Visual Studio Version 16
VisualStudioVersion = 16.0.31515.178
MinimumVisualStudioVersion = 10.0.40219.1
Project("{FAE04EC0-301F-11D3-BF4B-00C04F79EFBC}") = "ComparePerson", "ComparePerson\ComparePerson.csproj", "{B06CC946-F639-4AE9-956F-37DA8B1D3BDF}"
EndProject
Global
	GlobalSection(SolutionConfigurationPlatforms) = preSolution
		Debug|Any CPU = Debug|Any CPU
		Release|Any CPU = Release|Any CPU
	EndGlobalSection
	GlobalSection(ProjectConfigurationPlatforms) = postSolution
		{B06CC946-F639-4AE9-956F-37DA8B1D3BDF}.Debug|Any CPU.ActiveCfg = Debug|Any CPU
		{B06CC946-F639-4AE9-956F-37DA8B1D3BDF}.Debug|Any CPU.Build.0 = Debug|Any CPU
		{B06CC946-F639-4AE9-956F-37DA8B1D3BDF}.Release|Any CPU.ActiveCfg = Release|Any CPU
		{B06CC946-F639-4AE9-956F-37DA8B1D3BDF}.Release|Any CPU.Build.0 = Release|Any CPU
	EndGlobalSection
	GlobalSection(SolutionProperties) = preSolution
		HideSolutionNode = FALSE
	EndGlobalSection
	GlobalSection(ExtensibilityGlobals) = postSolution
		SolutionGuid = {7DB36EAF-956B-4199-8001-D23D72B5C81D}
	EndGlobalSection
EndGlobal
